
Microsoft Visual Studio Solution File, Format Version 12.00
# Visual Studio Version 17
VisualStudioVersion = 17.0.31903.59
MinimumVisualStudioVersion = 10.0.40219.1
Project("{8BC9CEB8-8B4A-11D0-8D11-00A0C91BC942}") = "GazeTrackWithTobii", "src\GazeTrackWithTobii.vcxproj", "{8A2177E9-A912-4E84-90D9-61862C073EF1}"
EndProject
Global
	GlobalSection(SolutionConfigurationPlatforms) = preSolution
		Debug|x64 = Debug|x64
		Debug|x86 = Debug|x86
		Release|x64 = Release|x64
		Release|x86 = Release|x86
	EndGlobalSection
	GlobalSection(ProjectConfigurationPlatforms) = postSolution
		{8A2177E9-A912-4E84-90D9-61862C073EF1}.Debug|x64.ActiveCfg = Debug|x64
		{8A2177E9-A912-4E84-90D9-61862C073EF1}.Debug|x64.Build.0 = Debug|x64
		{8A2177E9-A912-4E84-90D9-61862C073EF1}.Debug|x86.ActiveCfg = Debug|Win32
		{8A2177E9-A912-4E84-90D9-61862C073EF1}.Debug|x86.Build.0 = Debug|Win32
		{8A2177E9-A912-4E84-90D9-61862C073EF1}.Release|x64.ActiveCfg = Release|x64
		{8A2177E9-A912-4E84-90D9-61862C073EF1}.Release|x64.Build.0 = Release|x64
		{8A2177E9-A912-4E84-90D9-61862C073EF1}.Release|x86.ActiveCfg = Release|Win32
		{8A2177E9-A912-4E84-90D9-61862C073EF1}.Release|x86.Build.0 = Release|Win32
	EndGlobalSection
	GlobalSection(SolutionProperties) = preSolution
		HideSolutionNode = FALSE
	EndGlobalSection
	GlobalSection(ExtensibilityGlobals) = postSolution
		SolutionGuid = {7EBF80B8-57E4-4A6F-BF12-D6B2B1E5F7FB}
	EndGlobalSection
EndGlobal
